# This file is @generated by PDM.
# It is not intended for manual editing.

[metadata]
groups = ["default"]
strategy = ["inherit_metadata"]
lock_version = "4.5.0"
content_hash = "sha256:1670a96c8205e912f339ec4ee5878c715cc03e1b823ea9d50cb41febceb7a951"

[[metadata.targets]]
requires_python = "==3.12.*"

[[package]]
name = "lolpython"
version = "2.2.0"
summary = "lolcat port of the ruby version"
groups = ["default"]
files = [
    {file = "lolpython-2.2.0-py3-none-any.whl", hash = "sha256:189ed7f75363fccf98afcf0a46084648d7efde8a32aeaf368ae44d3fda19b6e3"},
    {file = "lolpython-2.2.0.tar.gz", hash = "sha256:6bd409d6cf73bc46c6b94bd61c4619937068178a2603bae0814373fd781af831"},
]
