{
  "lockfile-version": 1,
  "manifest": {
    "version": 1,
    "install": {
      "binutils": {
        "pkg-path": "binutils"
      },
      "conda": {
        "pkg-path": "conda",
        "systems": [
          "aarch64-linux",
          "x86_64-linux"
        ]
      },
      "gcc": {
        "pkg-path": "gcc"
      },
      "gnumake": {
        "pkg-path": "gnumake"
      },
      "go": {
        "pkg-path": "go"
      },
      "zlib": {
        "pkg-path": "zlib"
      }
    },
    "hook": {},
    "profile": {},
    "options": {
      "systems": [
        "aarch64-linux",
        "x86_64-linux"
      ],
      "allow": {
        "licenses": []
      },
      "semver": {}
    }
  },
  "packages": [
    {
      "attr_path": "binutils",
      "broken": false,
      "derivation": "/nix/store/yw5nifzv356xh53p8sl1r5ibkpcwp7cz-binutils-wrapper-2.43.1.drv",
      "description": "Tools for manipulating binaries (linker, assembler, etc.) (wrapper script)",
      "install_id": "binutils",
      "license": "GPL-3.0-or-later",
      "locked_url": "https://github.com/flox/nixpkgs?rev=d70bd19e0a38ad4790d3913bf08fcbfc9eeca507",
      "name": "binutils-wrapper-2.43.1",
      "pname": "binutils",
      "rev": "d70bd19e0a38ad4790d3913bf08fcbfc9eeca507",
      "rev_count": 724962,
      "rev_date": "2024-12-19T23:01:11Z",
      "scrape_date": "2024-12-23T03:54:12Z",
      "stabilities": [
        "stable",
        "staging",
        "unstable"
      ],
      "unfree": false,
      "version": "2.43.1",
      "outputs_to_install": [
        "man",
        "out"
      ],
      "outputs": {
        "info": "/nix/store/vhalsc5msl337y2kbjvxi2bfasdhqz08-binutils-wrapper-2.43.1-info",
        "man": "/nix/store/nl55sjs5ndh3kna87waknk8a7xw85pij-binutils-wrapper-2.43.1-man",
        "out": "/nix/store/8hcwpiazwyh2kn29az830pvlfdvyxs2k-binutils-wrapper-2.43.1"
      },
      "system": "aarch64-linux",
      "group": "toplevel",
      "priority": 5
    },
    {
      "attr_path": "binutils",
      "broken": false,
      "derivation": "/nix/store/s0km6zkkz46sqhh2qkz5ivr5a2iyjsym-binutils-wrapper-2.43.1.drv",
      "description": "Tools for manipulating binaries (linker, assembler, etc.) (wrapper script)",
      "install_id": "binutils",
      "license": "GPL-3.0-or-later",
      "locked_url": "https://github.com/flox/nixpkgs?rev=d70bd19e0a38ad4790d3913bf08fcbfc9eeca507",
      "name": "binutils-wrapper-2.43.1",
      "pname": "binutils",
      "rev": "d70bd19e0a38ad4790d3913bf08fcbfc9eeca507",
      "rev_count": 724962,
      "rev_date": "2024-12-19T23:01:11Z",
      "scrape_date": "2024-12-23T03:54:12Z",
      "stabilities": [
        "stable",
        "staging",
        "unstable"
      ],
      "unfree": false,
      "version": "2.43.1",
      "outputs_to_install": [
        "man",
        "out"
      ],
      "outputs": {
        "info": "/nix/store/gricp0nxhlv3snjv8q4bgbxxq54wiy5x-binutils-wrapper-2.43.1-info",
        "man": "/nix/store/87h706hbb2n41cpgjf3mkksp9ajwifcc-binutils-wrapper-2.43.1-man",
        "out": "/nix/store/x9as7x6f7cdgcskvvn3yp02m662krr7y-binutils-wrapper-2.43.1"
      },
      "system": "x86_64-linux",
      "group": "toplevel",
      "priority": 5
    },
    {
      "attr_path": "conda",
      "broken": false,
      "derivation": "/nix/store/bp0fc0pscg0gfgkfxmlv0qy97gizhb1y-conda-shell-24.9.2.drv",
      "description": "Package manager for Python",
      "install_id": "conda",
      "license": "[ BSD-3-Clause ]",
      "locked_url": "https://github.com/flox/nixpkgs?rev=d70bd19e0a38ad4790d3913bf08fcbfc9eeca507",
      "name": "conda-shell-24.9.2",
      "pname": "conda",
      "rev": "d70bd19e0a38ad4790d3913bf08fcbfc9eeca507",
      "rev_count": 724962,
      "rev_date": "2024-12-19T23:01:11Z",
      "scrape_date": "2024-12-23T03:54:12Z",
      "stabilities": [
        "stable",
        "staging",
        "unstable"
      ],
      "unfree": false,
      "version": "24.9.2",
      "outputs_to_install": [
        "out"
      ],
      "outputs": {
        "out": "/nix/store/ijjvly0l3mg73dj9lgx9mb5m61mcz06i-conda-shell-24.9.2"
      },
      "system": "aarch64-linux",
      "group": "toplevel",
      "priority": 5
    },
    {
      "attr_path": "conda",
      "broken": false,
      "derivation": "/nix/store/gm291cxacpy72hh2parsfg98hqf76vvc-conda-shell-24.9.2.drv",
      "description": "Package manager for Python",
      "install_id": "conda",
      "license": "[ BSD-3-Clause ]",
      "locked_url": "https://github.com/flox/nixpkgs?rev=d70bd19e0a38ad4790d3913bf08fcbfc9eeca507",
      "name": "conda-shell-24.9.2",
      "pname": "conda",
      "rev": "d70bd19e0a38ad4790d3913bf08fcbfc9eeca507",
      "rev_count": 724962,
      "rev_date": "2024-12-19T23:01:11Z",
      "scrape_date": "2024-12-23T03:54:12Z",
      "stabilities": [
        "stable",
        "staging",
        "unstable"
      ],
      "unfree": false,
      "version": "24.9.2",
      "outputs_to_install": [
        "out"
      ],
      "outputs": {
        "out": "/nix/store/rf6xap0j2b2xsdlq56sjr37y6f1gp6w3-conda-shell-24.9.2"
      },
      "system": "x86_64-linux",
      "group": "toplevel",
      "priority": 5
    },
    {
      "attr_path": "gcc",
      "broken": false,
      "derivation": "/nix/store/pjxj3pzbb3ypr9lhl6xfrfb9daanhzg2-gcc-wrapper-13.3.0.drv",
      "description": "GNU Compiler Collection, version 13.3.0 (wrapper script)",
      "install_id": "gcc",
      "license": "GPL-3.0-or-later",
      "locked_url": "https://github.com/flox/nixpkgs?rev=d70bd19e0a38ad4790d3913bf08fcbfc9eeca507",
      "name": "gcc-wrapper-13.3.0",
      "pname": "gcc",
      "rev": "d70bd19e0a38ad4790d3913bf08fcbfc9eeca507",
      "rev_count": 724962,
      "rev_date": "2024-12-19T23:01:11Z",
      "scrape_date": "2024-12-23T03:54:12Z",
      "stabilities": [
        "stable",
        "staging",
        "unstable"
      ],
      "unfree": false,
      "version": "13.3.0",
      "outputs_to_install": [
        "man",
        "out"
      ],
      "outputs": {
        "info": "/nix/store/b0b2h9n97bpwrdxnazh70nlv0knlpd7s-gcc-wrapper-13.3.0-info",
        "man": "/nix/store/5y6fmjxpv2xc7zhvn02w4ikg1n1rgm0d-gcc-wrapper-13.3.0-man",
        "out": "/nix/store/ay4xxbjafns12mn2ilhz4y7d3m3ziwqg-gcc-wrapper-13.3.0"
      },
      "system": "aarch64-linux",
      "group": "toplevel",
      "priority": 5
    },
    {
      "attr_path": "gcc",
      "broken": false,
      "derivation": "/nix/store/zrp1z93l9cj9ia4n6s9cfs0f3s37r8v1-gcc-wrapper-13.3.0.drv",
      "description": "GNU Compiler Collection, version 13.3.0 (wrapper script)",
      "install_id": "gcc",
      "license": "GPL-3.0-or-later",
      "locked_url": "https://github.com/flox/nixpkgs?rev=d70bd19e0a38ad4790d3913bf08fcbfc9eeca507",
      "name": "gcc-wrapper-13.3.0",
      "pname": "gcc",
      "rev": "d70bd19e0a38ad4790d3913bf08fcbfc9eeca507",
      "rev_count": 724962,
      "rev_date": "2024-12-19T23:01:11Z",
      "scrape_date": "2024-12-23T03:54:12Z",
      "stabilities": [
        "stable",
        "staging",
        "unstable"
      ],
      "unfree": false,
      "version": "13.3.0",
      "outputs_to_install": [
        "man",
        "out"
      ],
      "outputs": {
        "info": "/nix/store/nhjmrmkzyqsff9maxrl0pskqbizpqikz-gcc-wrapper-13.3.0-info",
        "man": "/nix/store/g6dl0niwffyhk1l59r4zxv94fklx7ijg-gcc-wrapper-13.3.0-man",
        "out": "/nix/store/4apajimszc47rxwcpvc3g3rj2icinl71-gcc-wrapper-13.3.0"
      },
      "system": "x86_64-linux",
      "group": "toplevel",
      "priority": 5
    },
    {
      "attr_path": "gnumake",
      "broken": false,
      "derivation": "/nix/store/4cnxsr9p37kaic115pd25qf46qjd5xys-gnumake-4.4.1.drv",
      "description": "Tool to control the generation of non-source files from sources",
      "install_id": "gnumake",
      "license": "GPL-3.0-or-later",
      "locked_url": "https://github.com/flox/nixpkgs?rev=d70bd19e0a38ad4790d3913bf08fcbfc9eeca507",
      "name": "gnumake-4.4.1",
      "pname": "gnumake",
      "rev": "d70bd19e0a38ad4790d3913bf08fcbfc9eeca507",
      "rev_count": 724962,
      "rev_date": "2024-12-19T23:01:11Z",
      "scrape_date": "2024-12-23T03:54:12Z",
      "stabilities": [
        "stable",
        "staging",
        "unstable"
      ],
      "unfree": false,
      "version": "4.4.1",
      "outputs_to_install": [
        "man",
        "out"
      ],
      "outputs": {
        "debug": "/nix/store/djip0r8g0bhyspna7zs1wdx6kl29h8dz-gnumake-4.4.1-debug",
        "info": "/nix/store/l3k5d0h7b6rffm97rmvrxqsk1ybpk1vc-gnumake-4.4.1-info",
        "man": "/nix/store/kkpyxq7m54gqpf7z1kjm0fkgp2i748mh-gnumake-4.4.1-man",
        "out": "/nix/store/zwyip85vjf7972r2q71vrx9fppv7j816-gnumake-4.4.1"
      },
      "system": "aarch64-linux",
      "group": "toplevel",
      "priority": 5
    },
    {
      "attr_path": "gnumake",
      "broken": false,
      "derivation": "/nix/store/i6s1270y2qqzbxcqi2pqxk4rlp3d7ld0-gnumake-4.4.1.drv",
      "description": "Tool to control the generation of non-source files from sources",
      "install_id": "gnumake",
      "license": "GPL-3.0-or-later",
      "locked_url": "https://github.com/flox/nixpkgs?rev=d70bd19e0a38ad4790d3913bf08fcbfc9eeca507",
      "name": "gnumake-4.4.1",
      "pname": "gnumake",
      "rev": "d70bd19e0a38ad4790d3913bf08fcbfc9eeca507",
      "rev_count": 724962,
      "rev_date": "2024-12-19T23:01:11Z",
      "scrape_date": "2024-12-23T03:54:12Z",
      "stabilities": [
        "stable",
        "staging",
        "unstable"
      ],
      "unfree": false,
      "version": "4.4.1",
      "outputs_to_install": [
        "man",
        "out"
      ],
      "outputs": {
        "debug": "/nix/store/9q813q8jf9gni01rv1s482mpqh78l806-gnumake-4.4.1-debug",
        "info": "/nix/store/cpnb2dpvx8ilq1y2h9cpm4zrsyi1gd4a-gnumake-4.4.1-info",
        "man": "/nix/store/a5kmw72gkf1isyq6xakvmrkfsvqs0gcg-gnumake-4.4.1-man",
        "out": "/nix/store/zmdi3226094qc355n9ffhp5an9shpp2d-gnumake-4.4.1"
      },
      "system": "x86_64-linux",
      "group": "toplevel",
      "priority": 5
    },
    {
      "attr_path": "go",
      "broken": false,
      "derivation": "/nix/store/7z5w6l4z1am909fazspdizhd8hjcrldd-go-1.23.3.drv",
      "description": "Go Programming language",
      "install_id": "go",
      "license": "BSD-3-Clause",
      "locked_url": "https://github.com/flox/nixpkgs?rev=d70bd19e0a38ad4790d3913bf08fcbfc9eeca507",
      "name": "go-1.23.3",
      "pname": "go",
      "rev": "d70bd19e0a38ad4790d3913bf08fcbfc9eeca507",
      "rev_count": 724962,
      "rev_date": "2024-12-19T23:01:11Z",
      "scrape_date": "2024-12-23T03:54:12Z",
      "stabilities": [
        "stable",
        "staging",
        "unstable"
      ],
      "unfree": false,
      "version": "1.23.3",
      "outputs_to_install": [
        "out"
      ],
      "outputs": {
        "out": "/nix/store/09zl6c5i31x18w55qskc0kbp32arvvlr-go-1.23.3"
      },
      "system": "aarch64-linux",
      "group": "toplevel",
      "priority": 5
    },
    {
      "attr_path": "go",
      "broken": false,
      "derivation": "/nix/store/k427v9wgcg9ify27mcqxrkpw5fd16xmg-go-1.23.3.drv",
      "description": "Go Programming language",
      "install_id": "go",
      "license": "BSD-3-Clause",
      "locked_url": "https://github.com/flox/nixpkgs?rev=d70bd19e0a38ad4790d3913bf08fcbfc9eeca507",
      "name": "go-1.23.3",
      "pname": "go",
      "rev": "d70bd19e0a38ad4790d3913bf08fcbfc9eeca507",
      "rev_count": 724962,
      "rev_date": "2024-12-19T23:01:11Z",
      "scrape_date": "2024-12-23T03:54:12Z",
      "stabilities": [
        "stable",
        "staging",
        "unstable"
      ],
      "unfree": false,
      "version": "1.23.3",
      "outputs_to_install": [
        "out"
      ],
      "outputs": {
        "out": "/nix/store/zhq8dnjbhwspzdglyq28j74axvqyk86q-go-1.23.3"
      },
      "system": "x86_64-linux",
      "group": "toplevel",
      "priority": 5
    },
    {
      "attr_path": "zlib",
      "broken": false,
      "derivation": "/nix/store/vl4n6mil2i8anfbdjxdfnjkmfk0kgd4x-zlib-1.3.1.drv",
      "description": "Lossless data-compression library",
      "install_id": "zlib",
      "license": "Zlib",
      "locked_url": "https://github.com/flox/nixpkgs?rev=d70bd19e0a38ad4790d3913bf08fcbfc9eeca507",
      "name": "zlib-1.3.1",
      "pname": "zlib",
      "rev": "d70bd19e0a38ad4790d3913bf08fcbfc9eeca507",
      "rev_count": 724962,
      "rev_date": "2024-12-19T23:01:11Z",
      "scrape_date": "2024-12-23T03:54:12Z",
      "stabilities": [
        "stable",
        "staging",
        "unstable"
      ],
      "unfree": false,
      "version": "1.3.1",
      "outputs_to_install": [
        "out"
      ],
      "outputs": {
        "dev": "/nix/store/lwglhv1yykqfkyziqxjdqw3gal2v2b03-zlib-1.3.1-dev",
        "out": "/nix/store/a5idngspvfqh8svn9pd0cxh135hbjs8g-zlib-1.3.1",
        "static": "/nix/store/iqm8bdfhn8c1jwa4pjrvf17rvp23bk4n-zlib-1.3.1-static"
      },
      "system": "aarch64-linux",
      "group": "toplevel",
      "priority": 5
    },
    {
      "attr_path": "zlib",
      "broken": false,
      "derivation": "/nix/store/22kmlam3ypg9dfj5bxs7iagx3gjnr5fb-zlib-1.3.1.drv",
      "description": "Lossless data-compression library",
      "install_id": "zlib",
      "license": "Zlib",
      "locked_url": "https://github.com/flox/nixpkgs?rev=d70bd19e0a38ad4790d3913bf08fcbfc9eeca507",
      "name": "zlib-1.3.1",
      "pname": "zlib",
      "rev": "d70bd19e0a38ad4790d3913bf08fcbfc9eeca507",
      "rev_count": 724962,
      "rev_date": "2024-12-19T23:01:11Z",
      "scrape_date": "2024-12-23T03:54:12Z",
      "stabilities": [
        "stable",
        "staging",
        "unstable"
      ],
      "unfree": false,
      "version": "1.3.1",
      "outputs_to_install": [
        "out"
      ],
      "outputs": {
        "dev": "/nix/store/1cpycz2gjynsiqgj3195jgrvbk1s4y1w-zlib-1.3.1-dev",
        "out": "/nix/store/bzk3q2l71qwhycsip23y6rl5n881la4n-zlib-1.3.1",
        "static": "/nix/store/d5h42adma292cy5dgp9mz9isp0ry5yvw-zlib-1.3.1-static"
      },
      "system": "x86_64-linux",
      "group": "toplevel",
      "priority": 5
    }
  ]
}